Microsoft Visual Studio Solution File, Format Version 12.00
# Visual Studio Version 17
VisualStudioVersion = 17.5.2.0
MinimumVisualStudioVersion = 10.0.40219.1
Project("{FAE04EC0-301F-11D3-BF4B-00C04F79EFBC}") = "HttpLab", "HttpLab.csproj", "{720E6746-65C8-73C5-8E4D-4E0331A2C7BE}"
EndProject
Global
	GlobalSection(SolutionConfigurationPlatforms) = preSolution
		Debug|Any CPU = Debug|Any CPU
		Release|Any CPU = Release|Any CPU
	EndGlobalSection
	GlobalSection(ProjectConfigurationPlatforms) = postSolution
		{720E6746-65C8-73C5-8E4D-4E0331A2C7BE}.Debug|Any CPU.ActiveCfg = Debug|Any CPU
		{720E6746-65C8-73C5-8E4D-4E0331A2C7BE}.Debug|Any CPU.Build.0 = Debug|Any CPU
		{720E6746-65C8-73C5-8E4D-4E0331A2C7BE}.Release|Any CPU.ActiveCfg = Release|Any CPU
		{720E6746-65C8-73C5-8E4D-4E0331A2C7BE}.Release|Any CPU.Build.0 = Release|Any CPU
	EndGlobalSection
	GlobalSection(SolutionProperties) = preSolution
		HideSolutionNode = FALSE
	EndGlobalSection
	GlobalSection(ExtensibilityGlobals) = postSolution
		SolutionGuid = {B1299BBF-D293-4EFF-A11B-69C2E71EE921}
	EndGlobalSection
EndGlobal
